
Microsoft Visual Studio Solution File, Format Version 12.00
# Visual Studio 15
VisualStudioVersion = 15.0.28010.2048
MinimumVisualStudioVersion = 10.0.40219.1
Project("{9A19103F-16F7-4668-BE54-9A1E7A4F7556}") = "Rewards.Solutions", "Rewards.Solutions.csproj", "{65901E1E-BA1A-4D94-B51E-F4F854478DC0}"
EndProject
Global
	GlobalSection(SolutionConfigurationPlatforms) = preSolution
		Debug|Any CPU = Debug|Any CPU
		Release|Any CPU = Release|Any CPU
	EndGlobalSection
	GlobalSection(ProjectConfigurationPlatforms) = postSolution
		{65901E1E-BA1A-4D94-B51E-F4F854478DC0}.Debug|Any CPU.ActiveCfg = Debug|Any CPU
		{65901E1E-BA1A-4D94-B51E-F4F854478DC0}.Debug|Any CPU.Build.0 = Debug|Any CPU
		{65901E1E-BA1A-4D94-B51E-F4F854478DC0}.Release|Any CPU.ActiveCfg = Release|Any CPU
		{65901E1E-BA1A-4D94-B51E-F4F854478DC0}.Release|Any CPU.Build.0 = Release|Any CPU
	EndGlobalSection
	GlobalSection(SolutionProperties) = preSolution
		HideSolutionNode = FALSE
	EndGlobalSection
	GlobalSection(ExtensibilityGlobals) = postSolution
		SolutionGuid = {B93166DC-049E-4789-A976-45755256703C}
	EndGlobalSection
EndGlobal
